{
  "originHash" : "8e83a04e9f20505855f17c8699abf536ea55baa13e40bc54029e3108216c8ce7",
  "pins" : [
    {
      "identity" : "swift-fmk-plat-dexp-teste-sgrott",
      "kind" : "remoteSourceControl",
      "location" : "https://github.com/dsgrott/swift-fmk-plat-dexp-teste-sgrott.git",
      "state" : {
        "revision" : "0700dc5146b69697393613eccdbfef123bc92c53",
        "version" : "1.1.0"
      }
    }
  ],
  "version" : 3
}
